resources:
  'https://iconmonstr.com/discord-1-svg/':
    name: /discord-1-svg/
    integrity: HLm6zsNQev4p5vi/N5jsY3qSaMMfVpGmfb4dabDreU4=
    createdAt: 1656894215025
    payload: >-
      <svg width="24" height="24" xmlns="http://www.w3.org/2000/svg"
      fill-rule="evenodd" clip-rule="evenodd"><path d="M19.54 0c1.356 0 2.46
      1.104 2.46 2.472v21.528l-2.58-2.28-1.452-1.344-1.536-1.428.636
      2.22h-13.608c-1.356 0-2.46-1.104-2.46-2.472v-16.224c0-1.368 1.104-2.472
      2.46-2.472h16.08zm-4.632 15.672c2.652-.084 3.672-1.824 3.672-1.824
      0-3.864-1.728-6.996-1.728-6.996-1.728-1.296-3.372-1.26-3.372-1.26l-.168.192c2.04.624
      2.988 1.524 2.988
      1.524-1.248-.684-2.472-1.02-3.612-1.152-.864-.096-1.692-.072-2.424.024l-.204.024c-.42.036-1.44.192-2.724.756-.444.204-.708.348-.708.348s.996-.948
      3.156-1.572l-.12-.144s-1.644-.036-3.372 1.26c0 0-1.728 3.132-1.728 6.996 0
      0 1.008 1.74 3.66 1.824 0 0
      .444-.54.804-.996-1.524-.456-2.1-1.416-2.1-1.416l.336.204.048.036.047.027.014.006.047.027c.3.168.6.3.876.408.492.192
      1.08.384 1.764.516.9.168 1.956.228 3.108.012.564-.096 1.14-.264
      1.74-.516.42-.156.888-.384 1.38-.708 0 0-.6.984-2.172
      1.428.36.456.792.972.792.972zm-5.58-5.604c-.684 0-1.224.6-1.224 1.332 0
      .732.552 1.332 1.224 1.332.684 0 1.224-.6
      1.224-1.332.012-.732-.54-1.332-1.224-1.332zm4.38 0c-.684 0-1.224.6-1.224
      1.332 0 .732.552 1.332 1.224 1.332.684 0 1.224-.6 1.224-1.332
      0-.732-.54-1.332-1.224-1.332z"/></svg>
  'https://iconmonstr.com/slack-2-svg/':
    name: /slack-2-svg/
    integrity: 2Zp7KdwccY1OlvDEdQc+g7YevVNcfXoMsQfsgD1xOEc=
    createdAt: 1656894215444
    payload: >-
      <svg width="24" height="24" xmlns="http://www.w3.org/2000/svg"
      fill-rule="evenodd" clip-rule="evenodd"><path d="M22.672
      15.226l-2.432.811.841 2.515c.33 1.019-.209 2.127-1.23
      2.456-1.15.325-2.148-.321-2.463-1.226l-.84-2.518-5.013 1.677.84 2.517c.391
      1.203-.434 2.542-1.831 2.542-.88
      0-1.601-.564-1.86-1.314l-.842-2.516-2.431.809c-1.135.328-2.145-.317-2.463-1.229-.329-1.018.211-2.127
      1.231-2.456l2.432-.809-1.621-4.823-2.432.808c-1.355.384-2.558-.59-2.558-1.839
      0-.817.509-1.582 1.327-1.846l2.433-.809-.842-2.515c-.33-1.02.211-2.129
      1.232-2.458 1.02-.329 2.13.209 2.461 1.229l.842 2.515
      5.011-1.677-.839-2.517c-.403-1.238.484-2.553 1.843-2.553.819 0 1.585.509
      1.85 1.326l.841 2.517 2.431-.81c1.02-.33 2.131.211 2.461 1.229.332
      1.018-.21 2.126-1.23 2.456l-2.433.809 1.622 4.823 2.433-.809c1.242-.401
      2.557.484 2.557 1.838 0 .819-.51 1.583-1.328 1.847m-8.992-6.428l-5.01
      1.675 1.619 4.828 5.011-1.674-1.62-4.829z"/></svg>
  'https://iconmonstr.com/linkedin-1-svg/':
    name: /linkedin-1-svg/
    integrity: 4OWTeTkW1gVYgDDykTf5CelGu4QahH41ceyLt4pMKEo=
    createdAt: 1656894215850
    payload: >-
      <svg xmlns="http://www.w3.org/2000/svg" width="24" height="24" viewBox="0
      0 24 24"><path d="M4.98 3.5c0 1.381-1.11 2.5-2.48
      2.5s-2.48-1.119-2.48-2.5c0-1.38 1.11-2.5 2.48-2.5s2.48 1.12 2.48 2.5zm.02
      4.5h-5v16h5v-16zm7.982 0h-4.968v16h4.969v-8.399c0-4.67 6.029-5.052 6.029
      0v8.399h4.988v-10.131c0-7.88-8.922-7.593-11.018-3.714v-2.155z"/></svg>
  'https://iconmonstr.com/gmail-1-svg/':
    name: /gmail-1-svg/
    integrity: 8W+GH0Lyht5l5/9wijkQXpKtcFnepUOcT1QwxmdJtV8=
    createdAt: 1656894216431
    payload: >-
      <svg width="24" height="24" xmlns="http://www.w3.org/2000/svg"
      fill-rule="evenodd" clip-rule="evenodd"><path d="M22.288 21h-20.576c-.945
      0-1.712-.767-1.712-1.712v-13.576c0-.945.767-1.712 1.712-1.712h20.576c.945
      0 1.712.767 1.712 1.712v13.576c0 .945-.767 1.712-1.712
      1.712zm-10.288-6.086l-9.342-6.483-.02 11.569h18.684v-11.569l-9.322
      6.483zm8.869-9.914h-17.789l8.92 6.229s6.252-4.406 8.869-6.229z"/></svg>
  'https://iconmonstr.com/twitter-1-svg/':
    name: /twitter-1-svg/
    integrity: bLSC3BWioyTlfBKiNMPqbS9djlhxLtJik6qM04SdGp0=
    createdAt: 1656894216824
    payload: >-
      <svg xmlns="http://www.w3.org/2000/svg" width="24" height="24" viewBox="0
      0 24 24"><path d="M24 4.557c-.883.392-1.832.656-2.828.775 1.017-.609
      1.798-1.574 2.165-2.724-.951.564-2.005.974-3.127
      1.195-.897-.957-2.178-1.555-3.594-1.555-3.179 0-5.515 2.966-4.797
      6.045-4.091-.205-7.719-2.165-10.148-5.144-1.29 2.213-.669 5.108 1.523
      6.574-.806-.026-1.566-.247-2.229-.616-.054 2.281 1.581 4.415 3.949
      4.89-.693.188-1.452.232-2.224.084.626 1.956 2.444 3.379 4.6 3.419-2.07
      1.623-4.678 2.348-7.29 2.04 2.179 1.397 4.768 2.212 7.548 2.212 9.142 0
      14.307-7.721 13.995-14.646.962-.695 1.797-1.562 2.457-2.549z"/></svg>
  'https://iconmonstr.com/facebook-messenger-1-svg/':
    name: /facebook-messenger-1-svg/
    integrity: XAF3QbSvdQwY+Sw0tBthfdbfc8Xwm1gqXgwKucVaTPQ=
    createdAt: 1656894217263
    payload: >-
      <svg width="24" height="24" xmlns="http://www.w3.org/2000/svg"
      fill-rule="evenodd" clip-rule="evenodd"><path d="M12 0c-6.627 0-12
      4.975-12 11.111 0 3.497 1.745 6.616 4.472 8.652v4.237l4.086-2.242c1.09.301
      2.246.464 3.442.464 6.627 0 12-4.974 12-11.111
      0-6.136-5.373-11.111-12-11.111zm1.193 14.963l-3.056-3.259-5.963 3.259
      6.559-6.963 3.13 3.259 5.889-3.259-6.559 6.963z"/></svg>
  'https://iconmonstr.com/facebook-1-svg/':
    name: /facebook-1-svg/
    integrity: PmKGkv2eGCUINgrru3cNDwqM5KfKBxGUOiCGn8uAmfQ=
    createdAt: 1656894217669
    payload: >-
      <svg xmlns="http://www.w3.org/2000/svg" width="24" height="24" viewBox="0
      0 24 24"><path d="M9
      8h-3v4h3v12h5v-12h3.642l.358-4h-4v-1.667c0-.955.192-1.333
      1.115-1.333h2.885v-5h-3.808c-3.596 0-5.192 1.583-5.192
      4.615v3.385z"/></svg>
  'https://iconmonstr.com/twitch-1-svg/':
    name: /twitch-1-svg/
    integrity: cnTQTsWx8bfNltiYwjqRdmxI805gqOXwTGVUSg6zNys=
    createdAt: 1656894218078
    payload: >-
      <svg xmlns="http://www.w3.org/2000/svg" width="24" height="24" viewBox="0
      0 24 24"><path d="M2.149 0l-1.612
      4.119v16.836h5.731v3.045h3.224l3.045-3.045h4.657l6.269-6.269v-14.686h-21.314zm19.164
      13.612l-3.582 3.582h-5.731l-3.045
      3.045v-3.045h-4.836v-15.045h17.194v11.463zm-3.582-7.343v6.262h-2.149v-6.262h2.149zm-5.731
      0v6.262h-2.149v-6.262h2.149z" fill-rule="evenodd"
      clip-rule="evenodd"/></svg>
  'https://iconmonstr.com/youtube-6-svg/':
    name: /youtube-6-svg/
    integrity: DWHg99YaIXPX6HRft9QQQX7Kkc4gwW7l9EBW7nc124c=
    createdAt: 1656894218534
    payload: >-
      <svg xmlns="http://www.w3.org/2000/svg" width="24" height="24" viewBox="0
      0 24 24"><path d="M19.615 3.184c-3.604-.246-11.631-.245-15.23
      0-3.897.266-4.356 2.62-4.385 8.816.029 6.185.484 8.549 4.385 8.816 3.6.245
      11.626.246 15.23 0 3.897-.266 4.356-2.62
      4.385-8.816-.029-6.185-.484-8.549-4.385-8.816zm-10.615 12.816v-8l8 3.993-8
      4.007z"/></svg>
  'https://iconmonstr.com/dribbble-1-svg/':
    name: /dribbble-1-svg/
    integrity: kmEe0aJh6wRrcTIyYUjA3nal2cB8pqogAvzaUPTWwNY=
    createdAt: 1656894218960
    payload: >-
      <svg xmlns="http://www.w3.org/2000/svg" width="24" height="24" viewBox="0
      0 24 24"><path d="M12 0c-6.628 0-12 5.373-12 12s5.372 12 12 12 12-5.373
      12-12-5.372-12-12-12zm9.885
      11.441c-2.575-.422-4.943-.445-7.103-.073-.244-.563-.497-1.125-.767-1.68
      2.31-1 4.165-2.358 5.548-4.082 1.35 1.594 2.197 3.619 2.322
      5.835zm-3.842-7.282c-1.205 1.554-2.868 2.783-4.986
      3.68-1.016-1.861-2.178-3.676-3.488-5.438.779-.197 1.591-.314 2.431-.314
      2.275 0 4.368.779 6.043 2.072zm-10.516-.993c1.331 1.742 2.511 3.538 3.537
      5.381-2.43.715-5.331 1.082-8.684 1.105.692-2.835 2.601-5.193
      5.147-6.486zm-5.44 8.834l.013-.256c3.849-.005 7.169-.448
      9.95-1.322.233.475.456.952.67 1.432-3.38 1.057-6.165 3.222-8.337
      6.48-1.432-1.719-2.296-3.927-2.296-6.334zm3.829 7.81c1.969-3.088
      4.482-5.098 7.598-6.027.928 2.42 1.609 4.91 2.043 7.46-3.349
      1.291-6.953.666-9.641-1.433zm11.586.43c-.438-2.353-1.08-4.653-1.92-6.897
      1.876-.265 3.94-.196 6.199.196-.437 2.786-2.028 5.192-4.279
      6.701z"/></svg>
  'https://iconmonstr.com/deviantart-1-svg/':
    name: /deviantart-1-svg/
    integrity: rl2G5qCpxiOg58knEW7wvyq8zqcOwEgd+Z0orLHcZt8=
    createdAt: 1656894219374
    payload: >-
      <svg xmlns="http://www.w3.org/2000/svg" width="24" height="24" viewBox="0
      0 24 24"><path d="M20 4.364v-4.364h-4.364l-.435.439-2.179
      4.124-.647.437h-7.375v6h4.103l.359.404-4.462 8.232v4.364h4.509l.435-.439
      2.174-4.124.648-.437h7.234v-6h-3.938l-.359-.438z"/></svg>
  'https://iconmonstr.com/flickr-1-svg/':
    name: /flickr-1-svg/
    integrity: whg23hha3UsLcDRTz7ooNGPRsUOlEnMybsUwNKQRbxI=
    createdAt: 1656894219767
    payload: >-
      <svg xmlns="http://www.w3.org/2000/svg" width="24" height="24" viewBox="0
      0 24 24"><path d="M17 5c-1.961 0-3.731.809-5.002
      2.108-1.27-1.299-3.038-2.108-4.998-2.108-3.866 0-7 3.134-7 7s3.134 7 7
      7c1.96 0 3.728-.809 4.998-2.108 1.271 1.299 3.041 2.108 5.002 2.108 3.866
      0 7-3.134 7-7s-3.134-7-7-7zm0 12c-2.757 0-5-2.243-5-5s2.243-5 5-5 5 2.243
      5 5-2.243 5-5 5z"/></svg>
  'https://iconmonstr.com/instagram-11-svg/':
    name: /instagram-11-svg/
    integrity: Oz2+vTo3ET3gPWhxBFv55Dq5ex589hgpncYBIpvEb/U=
    createdAt: 1656894220187
    payload: >-
      <svg xmlns="http://www.w3.org/2000/svg" width="24" height="24" viewBox="0
      0 24 24"><path d="M12 2.163c3.204 0 3.584.012 4.85.07 3.252.148 4.771
      1.691 4.919 4.919.058 1.265.069 1.645.069 4.849 0 3.205-.012 3.584-.069
      4.849-.149 3.225-1.664 4.771-4.919 4.919-1.266.058-1.644.07-4.85.07-3.204
      0-3.584-.012-4.849-.07-3.26-.149-4.771-1.699-4.919-4.92-.058-1.265-.07-1.644-.07-4.849
      0-3.204.013-3.583.07-4.849.149-3.227 1.664-4.771 4.919-4.919 1.266-.057
      1.645-.069 4.849-.069zm0-2.163c-3.259 0-3.667.014-4.947.072-4.358.2-6.78
      2.618-6.98 6.98-.059 1.281-.073 1.689-.073 4.948 0 3.259.014 3.668.072
      4.948.2 4.358 2.618 6.78 6.98 6.98 1.281.058 1.689.072 4.948.072 3.259 0
      3.668-.014 4.948-.072 4.354-.2 6.782-2.618
      6.979-6.98.059-1.28.073-1.689.073-4.948
      0-3.259-.014-3.667-.072-4.947-.196-4.354-2.617-6.78-6.979-6.98-1.281-.059-1.69-.073-4.949-.073zm0
      5.838c-3.403 0-6.162 2.759-6.162 6.162s2.759 6.163 6.162 6.163 6.162-2.759
      6.162-6.163c0-3.403-2.759-6.162-6.162-6.162zm0 10.162c-2.209 0-4-1.79-4-4
      0-2.209 1.791-4 4-4s4 1.791 4 4c0 2.21-1.791 4-4 4zm6.406-11.845c-.796
      0-1.441.645-1.441 1.44s.645 1.44 1.441 1.44c.795 0 1.439-.645
      1.439-1.44s-.644-1.44-1.439-1.44z"/></svg>
  'https://iconmonstr.com/blogger-1-svg/':
    name: /blogger-1-svg/
    integrity: VJV+Dh8D6CfETxjg1CeQPgJUV1Y8JrF4So3YxWFRDbY=
    createdAt: 1656894220600
    payload: >-
      <svg xmlns="http://www.w3.org/2000/svg" width="24" height="24" viewBox="0
      0 24 24"><path d="M22.814 9.031h-1.95c-1
      0-1.185-.764-1.185-1.707.001-4.045-3.272-7.324-7.308-7.324h-5.062c-4.037
      0-7.309 3.279-7.309 7.324v9.352c0 4.045 3.272 7.324 7.309
      7.324h9.383c4.036 0 7.308-3.279
      7.308-7.324v-6.457c0-.657-.531-1.188-1.186-1.188zm-15.428-3.031h4.229c.765
      0 1.385.671 1.385 1.5s-.62 1.5-1.386 1.5h-4.228c-.766
      0-1.386-.671-1.386-1.5s.62-1.5 1.386-1.5zm9.134 12h-9.04c-.817
      0-1.48-.672-1.48-1.5 0-.83.663-1.5 1.48-1.5h9.039c.817 0 1.48.67 1.48
      1.5.001.828-.662 1.5-1.479 1.5z"/></svg>
  'https://iconmonstr.com/github-1-svg/':
    name: /github-1-svg/
    integrity: fAKVx/N6lU4DAFP2O40zfx43LQo5+0Zy+woRKSPFYMs=
    createdAt: 1656894221018
    payload: >-
      <svg xmlns="http://www.w3.org/2000/svg" width="24" height="24" viewBox="0
      0 24 24"><path d="M12 0c-6.626 0-12 5.373-12 12 0 5.302 3.438 9.8 8.207
      11.387.599.111.793-.261.793-.577v-2.234c-3.338.726-4.033-1.416-4.033-1.416-.546-1.387-1.333-1.756-1.333-1.756-1.089-.745.083-.729.083-.729
      1.205.084 1.839 1.237 1.839 1.237 1.07 1.834 2.807 1.304
      3.492.997.107-.775.418-1.305.762-1.604-2.665-.305-5.467-1.334-5.467-5.931
      0-1.311.469-2.381 1.236-3.221-.124-.303-.535-1.524.117-3.176 0 0
      1.008-.322 3.301 1.23.957-.266 1.983-.399 3.003-.404 1.02.005 2.047.138
      3.006.404 2.291-1.552 3.297-1.23 3.297-1.23.653 1.653.242 2.874.118
      3.176.77.84 1.235 1.911 1.235 3.221 0 4.609-2.807 5.624-5.479
      5.921.43.372.823 1.102.823 2.222v3.293c0 .319.192.694.801.576 4.765-1.589
      8.199-6.086 8.199-11.386 0-6.627-5.373-12-12-12z"/></svg>
  'https://iconmonstr.com/line-1-svg/':
    name: /line-1-svg/
    integrity: 5JYw5ZHFlsIMKzAUSyEnlnkc1P+6/jGp7KFyhw0i6HM=
    createdAt: 1656894221410
    payload: >-
      <svg width="24" height="24" xmlns="http://www.w3.org/2000/svg"
      fill-rule="evenodd" clip-rule="evenodd"><path d="M24
      10.304c0-5.369-5.383-9.738-12-9.738-6.616 0-12 4.369-12 9.738 0 4.814
      4.269 8.846 10.036 9.608.391.084.922.258 1.057.592.121.303.079.778.039
      1.085l-.171 1.027c-.053.303-.242 1.186 1.039.647 1.281-.54 6.911-4.069
      9.428-6.967 1.739-1.907 2.572-3.843 2.572-5.992zm-18.988-2.595c.129 0
      .234.105.234.234v4.153h2.287c.129 0 .233.104.233.233v.842c0
      .129-.104.234-.233.234h-3.363c-.063
      0-.119-.025-.161-.065l-.001-.001-.002-.002-.001-.001-.003-.003c-.04-.042-.065-.099-.065-.161v-5.229c0-.129.104-.234.233-.234h.842zm14.992
      0c.129 0 .233.105.233.234v.842c0
      .129-.104.234-.233.234h-2.287v.883h2.287c.129 0 .233.105.233.234v.842c0
      .129-.104.234-.233.234h-2.287v.884h2.287c.129 0 .233.105.233.233v.842c0
      .129-.104.234-.233.234h-3.363c-.063
      0-.12-.025-.162-.065l-.003-.004-.003-.003c-.04-.042-.066-.099-.066-.161v-5.229c0-.062.025-.119.065-.161l.004-.004.003-.003c.042-.04.099-.066.162-.066h3.363zm-10.442.001c.129
      0 .234.104.234.233v5.229c0 .128-.105.233-.234.233h-.842c-.129
      0-.234-.105-.234-.233v-5.229c0-.129.105-.233.234-.233h.842zm2.127
      0h.008l.012.001.013.001.01.001.013.003.008.003.014.004.008.003.013.006.007.003.013.007.007.004.012.009.006.004.013.011.004.004.014.014.002.002.018.023
      2.396 3.236v-3.106c0-.129.105-.233.234-.233h.841c.13 0
      .234.104.234.233v5.229c0
      .128-.104.233-.234.233h-.841l-.06-.008-.004-.001-.015-.005-.007-.003-.012-.004-.011-.006-.007-.003-.014-.009-.002-.002-.06-.058-2.399-3.24v3.106c0
      .128-.104.233-.234.233h-.841c-.129
      0-.234-.105-.234-.233v-5.229c0-.129.105-.233.234-.233h.841z"/></svg>
  'https://iconmonstr.com/last-fm-1-svg/':
    name: /last-fm-1-svg/
    integrity: mSMoTDTkIvj0aN673+2opthdPQDSxUI4iWh2QtF13f0=
    createdAt: 1656894221799
    payload: >-
      <svg xmlns="http://www.w3.org/2000/svg" width="24" height="24" viewBox="0
      0 24 24"><path d="M10.584 17.209l-.88-2.392s-1.43 1.595-3.573 1.595c-1.897
      0-3.244-1.65-3.244-4.289 0-3.381 1.704-4.591 3.382-4.591 2.419 0 3.188
      1.567 3.849 3.574l.88 2.75c.879 2.667 2.528 4.811 7.284 4.811 3.409 0
      5.719-1.044 5.719-3.793
      0-2.227-1.265-3.381-3.629-3.932l-1.76-.385c-1.209-.275-1.566-.77-1.566-1.594
      0-.935.742-1.485 1.952-1.485 1.319 0 2.034.495 2.144
      1.677l2.749-.33c-.22-2.474-1.924-3.491-4.729-3.491-2.474 0-4.893.935-4.893
      3.931 0 1.87.907 3.052 3.188 3.602l1.869.439c1.402.33 1.869.907 1.869
      1.705 0 1.017-.989 1.43-2.858 1.43-2.776
      0-3.932-1.457-4.591-3.464l-.907-2.749c-1.155-3.574-2.997-4.894-6.653-4.894-4.041-.001-6.186
      2.556-6.186 6.899 0 4.179 2.145 6.433 5.993 6.433 3.107.001 4.591-1.457
      4.591-1.457z"/></svg>
  'https://iconmonstr.com/medium-1-svg/':
    name: /medium-1-svg/
    integrity: x88rIOq26y+VUiZlM/EkCe0PvK34CePLUb/QI7+mgZ8=
    createdAt: 1656894222223
    payload: >-
      <svg width="24" height="24" xmlns="http://www.w3.org/2000/svg"
      fill-rule="evenodd" clip-rule="evenodd"><path d="M2.846
      6.887c.03-.295-.083-.586-.303-.784l-2.24-2.7v-.403h6.958l5.378 11.795
      4.728-11.795h6.633v.403l-1.916
      1.837c-.165.126-.247.333-.213.538v13.498c-.034.204.048.411.213.537l1.871
      1.837v.403h-9.412v-.403l1.939-1.882c.19-.19.19-.246.19-.537v-10.91l-5.389
      13.688h-.728l-6.275-13.688v9.174c-.052.385.076.774.347 1.052l2.521
      3.058v.404h-7.148v-.404l2.521-3.058c.27-.279.39-.67.325-1.052v-10.608z"/></svg>
  'https://iconmonstr.com/paypal-1-svg/':
    name: /paypal-1-svg/
    integrity: JXBvhuWVvapf1WivdyXIXGzp7o+3JqDWvGFqt4xt2qw=
    createdAt: 1656894222623
    payload: >-
      <svg xmlns="http://www.w3.org/2000/svg" width="24" height="24" viewBox="0
      0 24 24"><path d="M22 9.761c0 .536-.065 1.084-.169 1.627-.847 4.419-3.746
      5.946-7.449 5.946h-.572c-.453 0-.838.334-.908.789l-.803
      5.09c-.071.453-.456.787-.908.787h-2.736c-.39
      0-.688-.348-.628-.732l1.386-8.88.062-.056h2.155c5.235 0 8.509-2.618
      9.473-7.568.812.814 1.097 1.876 1.097 2.997zm-14.216
      4.252c.116-.826.459-1.177 1.385-1.179l2.26-.002c4.574 0 7.198-2.09
      8.023-6.39.8-4.134-2.102-6.442-6.031-6.442h-7.344c-.517
      0-.958.382-1.038.901-2.304 14.835-2.97 18.607-3.038
      19.758-.021.362.269.672.635.672h3.989l1.159-7.318z"/></svg>
  'https://iconmonstr.com/pinterest-1-svg/':
    name: /pinterest-1-svg/
    integrity: CelcZumITSYaFKY/uMBVspd1z0Fpjpk1NTuyD/p3sRc=
    createdAt: 1656894223031
    payload: >-
      <svg xmlns="http://www.w3.org/2000/svg" width="24" height="24" viewBox="0
      0 24 24"><path d="M12 0c-6.627 0-12 5.372-12 12 0 5.084 3.163 9.426 7.627
      11.174-.105-.949-.2-2.405.042-3.441.218-.937 1.407-5.965
      1.407-5.965s-.359-.719-.359-1.782c0-1.668.967-2.914 2.171-2.914 1.023 0
      1.518.769 1.518 1.69 0 1.029-.655 2.568-.994 3.995-.283 1.194.599 2.169
      1.777 2.169 2.133 0 3.772-2.249 3.772-5.495
      0-2.873-2.064-4.882-5.012-4.882-3.414 0-5.418 2.561-5.418 5.207 0
      1.031.397 2.138.893 2.738.098.119.112.224.083.345l-.333
      1.36c-.053.22-.174.267-.402.161-1.499-.698-2.436-2.889-2.436-4.649 0-3.785
      2.75-7.262 7.929-7.262 4.163 0 7.398 2.967 7.398 6.931 0 4.136-2.607
      7.464-6.227 7.464-1.216 0-2.359-.631-2.75-1.378l-.748 2.853c-.271
      1.043-1.002 2.35-1.492 3.146 1.124.347 2.317.535 3.554.535 6.627 0
      12-5.373 12-12 0-6.628-5.373-12-12-12z" fill-rule="evenodd"
      clip-rule="evenodd"/></svg>
  'https://iconmonstr.com/skype-1-svg/':
    name: /skype-1-svg/
    integrity: DCf7Z9hxWS3+wQjURa4mFB6G8UuXL6TK73mL+NloUw0=
    createdAt: 1656894223424
    payload: >-
      <svg xmlns="http://www.w3.org/2000/svg" width="24" height="24" viewBox="0
      0 24 24"><path d="M22.987
      13.966c1.357-7.765-5.416-14.412-13.052-12.979-5.821-3.561-12.503
      3.226-8.935 9.029-1.387 7.747 5.384 14.48 13.083 13.01 5.832 3.536
      12.493-3.26 8.904-9.06zm-10.603 5.891c-3.181
      0-6.378-1.448-6.362-3.941.005-.752.564-1.442 1.309-1.442 1.873 0 1.855
      2.795 4.837 2.795 2.093 0 2.807-1.146 2.807-1.944
      0-2.886-9.043-1.117-9.043-6.543 0-2.938 2.402-4.962 6.179-4.741 3.602.213
      5.713 1.803 5.917 3.289.101.971-.542 1.727-1.659 1.727-1.628
      0-1.795-2.181-4.6-2.181-1.266 0-2.334.528-2.334 1.674 0 2.395 8.99 1.005
      8.99 6.276-.001 3.039-2.423 5.031-6.041 5.031z"/></svg>
  'https://iconmonstr.com/snapchat-1-svg/':
    name: /snapchat-1-svg/
    integrity: 1HdQQ8qdt96OegXbdsVa1YVsYeeDCRk8XdGeJ5Yot1M=
    createdAt: 1656894223833
    payload: >-
      <svg xmlns="http://www.w3.org/2000/svg" width="24" height="24" viewBox="0
      0 24 24"><path d="M5.829 4.533c-.6 1.344-.363 3.752-.267
      5.436-.648.359-1.48-.271-1.951-.271-.49
      0-1.075.322-1.167.802-.066.346.089.85 1.201 1.289.43.17 1.453.37
      1.69.928.333.784-1.71 4.403-4.918 4.931-.251.041-.43.265-.416.519.056.975
      2.242 1.357 3.211 1.507.099.134.179.7.306
      1.131.057.193.204.424.582.424.493 0 1.312-.38 2.738-.144 1.398.233 2.712
      2.215 5.235 2.215 2.345 0 3.744-1.991 5.09-2.215.779-.129 1.448-.088
      2.196.058.515.101.977.157 1.124-.349.129-.437.208-.992.305-1.123.96-.149
      3.156-.53
      3.211-1.505.014-.254-.165-.477-.416-.519-3.154-.52-5.259-4.128-4.918-4.931.236-.557
      1.252-.755 1.69-.928.814-.321 1.222-.716
      1.213-1.173-.011-.585-.715-.934-1.233-.934-.527
      0-1.284.624-1.897.286.096-1.698.332-4.095-.267-5.438-1.135-2.543-3.66-3.829-6.184-3.829-2.508
      0-5.014 1.268-6.158 3.833z" fill="#020202"/></svg>
  'https://iconmonstr.com/soundcloud-1-svg/':
    name: /soundcloud-1-svg/
    integrity: 0/CpBByA18gpRNZ7IbO6uBZChBrvCtbzVcup0aUdfYo=
    createdAt: 1656894224222
    payload: >-
      <svg xmlns="http://www.w3.org/2000/svg" width="24" height="24" viewBox="0
      0 24 24"><path d="M7 17.939h-1v-8.068c.308-.231.639-.429 1-.566v8.634zm3
      0h1v-9.224c-.229.265-.443.548-.621.857l-.379-.184v8.551zm-2
      0h1v-8.848c-.508-.079-.623-.05-1-.01v8.858zm-4
      0h1v-7.02c-.312.458-.555.971-.692
      1.535l-.308-.182v5.667zm-3-5.25c-.606.547-1 1.354-1 2.268 0 .914.394 1.721
      1 2.268v-4.536zm18.879-.671c-.204-2.837-2.404-5.079-5.117-5.079-1.022
      0-1.964.328-2.762.877v10.123h9.089c1.607 0 2.911-1.393 2.911-3.106
      0-2.233-2.168-3.772-4.121-2.815zm-16.879-.027c-.302-.024-.526-.03-1
      .122v5.689c.446.143.636.138 1 .138v-5.949z"/></svg>
  'https://iconmonstr.com/spotify-1-svg/':
    name: /spotify-1-svg/
    integrity: h507Ve1JzjQYlYN7oBnFJyU4pde3f2Q29aWYZWdgEo8=
    createdAt: 1656894224623
    payload: >-
      <svg width="24" height="24" xmlns="http://www.w3.org/2000/svg"
      fill-rule="evenodd" clip-rule="evenodd"><path d="M19.098
      10.638c-3.868-2.297-10.248-2.508-13.941-1.387-.593.18-1.22-.155-1.399-.748-.18-.593.154-1.22.748-1.4
      4.239-1.287 11.285-1.038 15.738 1.605.533.317.708 1.005.392
      1.538-.316.533-1.005.709-1.538.392zm-.126
      3.403c-.272.44-.847.578-1.287.308-3.225-1.982-8.142-2.557-11.958-1.399-.494.15-1.017-.129-1.167-.623-.149-.495.13-1.016.624-1.167
      4.358-1.322 9.776-.682 13.48 1.595.44.27.578.847.308 1.286zm-1.469
      3.267c-.215.354-.676.465-1.028.249-2.818-1.722-6.365-2.111-10.542-1.157-.402.092-.803-.16-.895-.562-.092-.403.159-.804.562-.896
      4.571-1.045 8.492-.595 11.655 1.338.353.215.464.676.248
      1.028zm-5.503-17.308c-6.627 0-12 5.373-12 12 0 6.628 5.373 12 12 12 6.628
      0 12-5.372 12-12 0-6.627-5.372-12-12-12z"/></svg>
  'https://iconmonstr.com/stackoverflow-1-svg/':
    name: /stackoverflow-1-svg/
    integrity: UMVAF1ow66mIBZSRcOv5P1ywQMf32/mcvYf1rB7lFYk=
    createdAt: 1656894225040
    payload: >-
      <svg xmlns="http://www.w3.org/2000/svg" width="24" height="24" viewBox="0
      0 24 24"><path d="M15 21h-10v-2h10v2zm6-11.665l-1.621-9.335-1.993.346 1.62
      9.335 1.994-.346zm-5.964 6.937l-9.746-.975-.186 2.016
      9.755.879.177-1.92zm.538-2.587l-9.276-2.608-.526 1.954 9.306
      2.5.496-1.846zm1.204-2.413l-8.297-4.864-1.029 1.743 8.298 4.865
      1.028-1.744zm1.866-1.467l-5.339-7.829-1.672 1.14 5.339 7.829
      1.672-1.14zm-2.644 4.195v8h-12v-8h-2v10h16v-10h-2z"/></svg>
  'https://iconmonstr.com/steam-1-svg/':
    name: /steam-1-svg/
    integrity: 7WS3NMjKlLPgmhvzHq6rkSdPqnL/In9sx7NzDGfv2xc=
    createdAt: 1656894225444
    payload: >-
      <svg xmlns="http://www.w3.org/2000/svg" width="24" height="24" viewBox="0
      0 24 24"><path d="M22.411 9.681c0 .924-.751 1.676-1.676 1.676-.924
      0-1.676-.752-1.676-1.676s.752-1.676 1.676-1.676c.925 0 1.676.752 1.676
      1.676zm1.589 0c0 1.801-1.464 3.282-3.303 3.263l-2.872 2.141-.006.002c-.008
      1.369-1.111 2.483-2.485
      2.496-1.24.01-2.257-.872-2.484-2.021l-8.962-3.769c-.39.256-.854.409-1.354.414-1.398.012-2.521-1.109-2.534-2.486-.014-1.395
      1.113-2.534 2.511-2.534 1.213 0 2.228.863 2.459 2.013l8.971
      3.772c.416-.272.896-.418 1.428-.407l2.105-2.946c.033-1.773 1.48-3.202
      3.262-3.202 1.802 0 3.264 1.461 3.264 3.264zm-20.794
      1.826l-1.226-.515c-.716-.301-1.052-1.125-.751-1.84.301-.716 1.125-1.052
      1.841-.751l1.211.509c-.303-.678-.984-1.153-1.77-1.153-1.096.004-1.951.895-1.941
      1.958.01 1.044.861 1.926 1.958 1.922.236-.002.464-.048.678-.13zm14.045
      3.547c-.01-1.06-.88-1.922-1.939-1.922-.229.001-.455.04-.686.127l1.229.517c.716.301
      1.052 1.125.751 1.84-.301.715-1.124
      1.052-1.841.751l-1.23-.518c.302.685.985 1.165 1.794 1.162 1.072-.009
      1.932-.884 1.922-1.957zm5.703-5.373c0-1.224-.995-2.219-2.219-2.219-1.223
      0-2.219.995-2.219 2.219 0 1.223.996 2.219 2.219 2.219 1.224 0 2.219-.996
      2.219-2.219z"/></svg>
  'https://iconmonstr.com/whatsapp-1-svg/':
    name: /whatsapp-1-svg/
    integrity: GkelL6eMdZedguH/G8KF5n7qUHLlXbge5OQpYBMogmI=
    createdAt: 1656894226055
    payload: >-
      <svg xmlns="http://www.w3.org/2000/svg" width="24" height="24" viewBox="0
      0 24 24"><path d="M.057
      24l1.687-6.163c-1.041-1.804-1.588-3.849-1.587-5.946.003-6.556 5.338-11.891
      11.893-11.891 3.181.001 6.167 1.24 8.413 3.488 2.245 2.248 3.481 5.236
      3.48 8.414-.003 6.557-5.338 11.892-11.893
      11.892-1.99-.001-3.951-.5-5.688-1.448l-6.305 1.654zm6.597-3.807c1.676.995
      3.276 1.591 5.392 1.592 5.448 0 9.886-4.434
      9.889-9.885.002-5.462-4.415-9.89-9.881-9.892-5.452 0-9.887 4.434-9.889
      9.884-.001 2.225.651 3.891 1.746 5.634l-.999 3.648
      3.742-.981zm11.387-5.464c-.074-.124-.272-.198-.57-.347-.297-.149-1.758-.868-2.031-.967-.272-.099-.47-.149-.669.149-.198.297-.768.967-.941
      1.165-.173.198-.347.223-.644.074-.297-.149-1.255-.462-2.39-1.475-.883-.788-1.48-1.761-1.653-2.059-.173-.297-.018-.458.13-.606.134-.133.297-.347.446-.521.151-.172.2-.296.3-.495.099-.198.05-.372-.025-.521-.075-.148-.669-1.611-.916-2.206-.242-.579-.487-.501-.669-.51l-.57-.01c-.198
      0-.52.074-.792.372s-1.04 1.016-1.04 2.479 1.065 2.876 1.213 3.074c.149.198
      2.095 3.2 5.076 4.487.709.306 1.263.489 1.694.626.712.226 1.36.194
      1.872.118.571-.085 1.758-.719
      2.006-1.413.248-.695.248-1.29.173-1.414z"/></svg>
  'https://iconmonstr.com/menu-dot-vertical-filled-svg/':
    name: /menu-dot-vertical-filled-svg/
    integrity: v/9D75fUH3bfQg2aY0TOz8fotbIivjssVpQk9GNi4AQ=
    createdAt: 1656894226675
    payload: >-
      <svg clip-rule="evenodd" fill-rule="evenodd" stroke-linejoin="round"
      stroke-miterlimit="2" viewBox="0 0 24 24"
      xmlns="http://www.w3.org/2000/svg"><path d="m12 16.495c1.242 0 2.25 1.008
      2.25 2.25s-1.008 2.25-2.25 2.25-2.25-1.008-2.25-2.25 1.008-2.25
      2.25-2.25zm0-6.75c1.242 0 2.25 1.008 2.25 2.25s-1.008 2.25-2.25
      2.25-2.25-1.008-2.25-2.25 1.008-2.25 2.25-2.25zm0-6.75c1.242 0 2.25 1.008
      2.25 2.25s-1.008 2.25-2.25 2.25-2.25-1.008-2.25-2.25 1.008-2.25
      2.25-2.25z"/></svg>
  'https://heroicons.com/?group=solid&icon_name=calculator':
    name: calculator-solid
    integrity: V1cC+UJLVBmWaZc4Z/GfGxcjIKSiKOtI36puLHS9WfY=
    createdAt: 1656894229246
    payload: >-
      <svg width="24" height="24" fill="none" viewbox="0 0 24 24"
      stroke="currentColor" stroke-width="2" class="transform
      transition-transform duration-500 ease-in-out"><path
      stroke-linecap="round" stroke-linejoin="round" d="M9 7h6m0 10v-3m-3
      3h.01M9 17h.01M9 14h.01M12 14h.01M15 11h.01M12 11h.01M9 11h.01M7 21h10a2 2
      0 002-2V5a2 2 0 00-2-2H7a2 2 0 00-2 2v14a2 2 0 002 2z"></path></svg>
  'data:image/svg+xml,%3Csvg xmlns=''http://www.w3.org/2000/svg''%3E%3Ccircle r=''50'' cx=''50'' cy=''50'' fill=''tomato''/%3E%3Ccircle r=''41'' cx=''47'' cy=''50'' fill=''orange''/%3E%3Ccircle r=''33'' cx=''48'' cy=''53'' fill=''gold''/%3E%3Ccircle r=''25'' cx=''49'' cy=''51'' fill=''yellowgreen''/%3E%3Ccircle r=''17'' cx=''52'' cy=''50'' fill=''lightseagreen''/%3E%3Ccircle r=''9'' cx=''55'' cy=''48'' fill=''teal''/%3E%3C/svg%3E':
    name: data-icon-1
    integrity: ql6sj7gm5uvtwL/V5NBh1cYDuqkCPMkTbftrCf5wV7I=
    createdAt: 1656894229862
    payload: >-
      <svg xmlns='http://www.w3.org/2000/svg'><circle r='50' cx='50' cy='50'
      fill='tomato'/><circle r='41' cx='47' cy='50' fill='orange'/><circle
      r='33' cx='48' cy='53' fill='gold'/><circle r='25' cx='49' cy='51'
      fill='yellowgreen'/><circle r='17' cx='52' cy='50'
      fill='lightseagreen'/><circle r='9' cx='55' cy='48' fill='teal'/></svg>
  'https://svgrepo.com/svg/422891/browser-rate-rating':
    name: browser-rate-rating
    integrity: 5dCzaXcqKnrUVME3Z/rS4De1v0IyK4sKLZmydTwMIjA=
    createdAt: 1656894231253
    payload: >-
      <?xml version="1.0" ?><!DOCTYPE svg  PUBLIC '-//W3C//DTD SVG 1.1//EN' 
      'http://www.w3.org/Graphics/SVG/1.1/DTD/svg11.dtd'><svg width="512px"
      height="512px" viewBox="0 0 512 512" enable-background="new 0 0 512 512"
      id="Layer_1" version="1.1" xml:space="preserve"
      xmlns="http://www.w3.org/2000/svg"
      xmlns:xlink="http://www.w3.org/1999/xlink"><g><g><path
      d="M450.255,434.511H61.745c-13.257,0-24.042-10.785-24.042-24.043V101.531   
      c0-13.257,10.785-24.042,24.042-24.042h388.511c13.257,0,24.042,10.785,24.042,24.042v308.937   
      C474.298,423.726,463.513,434.511,450.255,434.511z
      M61.745,97.489c-2.229,0-4.042,1.813-4.042,4.042v308.937   
      c0,2.229,1.813,4.043,4.042,4.043h388.511c2.229,0,4.042-1.813,4.042-4.043V101.531c0-2.229-1.813-4.042-4.042-4.042H61.745z"
      fill="#444B54"/></g><g><path
      d="M450.117,163.589H63.655c-13.298,0-24.118-10.786-24.118-24.043v-38.015   
      c0-13.257,10.819-24.042,24.118-24.042h386.462c13.298,0,24.118,10.785,24.118,24.042v38.015   
      C474.235,152.803,463.416,163.589,450.117,163.589z
      M63.655,97.489c-2.271,0-4.118,1.813-4.118,4.042v38.015   
      c0,2.229,1.847,4.043,4.118,4.043h386.462c2.271,0,4.118-1.813,4.118-4.043v-38.015c0-2.229-1.847-4.042-4.118-4.042H63.655z"
      fill="#444B54"/></g><g><path
      d="M93.73,128.7c-2.63,0-5.21-1.07-7.07-2.931c-1.86-1.87-2.93-4.439-2.93-7.08c0-2.63,1.07-5.199,2.93-7.069   
      c1.86-1.86,4.44-2.931,7.07-2.931c2.63,0,5.21,1.07,7.07,2.931c1.86,1.87,2.93,4.439,2.93,7.069c0,2.641-1.07,5.21-2.93,7.08   
      C98.94,127.63,96.36,128.7,93.73,128.7z" fill="#444B54"/></g><g><path
      d="M142.49,128.7c-2.63,0-5.21-1.07-7.07-2.931c-1.86-1.87-2.93-4.439-2.93-7.08c0-2.63,1.07-5.21,2.93-7.069   
      c1.86-1.86,4.44-2.931,7.07-2.931s5.21,1.07,7.07,2.931c1.86,1.859,2.93,4.439,2.93,7.069c0,2.641-1.07,5.21-2.93,7.08   
      C147.7,127.63,145.12,128.7,142.49,128.7z" fill="#444B54"/></g><g><path
      d="M187.11,130.54c-2.63,0-5.21-1.07-7.07-2.931c-1.87-1.859-2.93-4.439-2.93-7.069s1.06-5.21,2.93-7.07   
      c1.86-1.86,4.43-2.93,7.07-2.93c2.63,0,5.21,1.069,7.07,2.93c1.86,1.86,2.93,4.44,2.93,7.07s-1.07,5.21-2.93,7.069   
      C192.31,129.47,189.74,130.54,187.11,130.54z" fill="#444B54"/></g><g><path
      d="M108.135,344.857c-2.073,0-4.137-0.644-5.879-1.91c-3.079-2.237-4.622-6.028-3.978-9.78l4.005-23.35   
      l-16.964-16.535c-2.726-2.657-3.707-6.631-2.531-10.251s4.306-6.259,8.073-6.807l23.444-3.406l10.484-21.244   
      c1.685-3.413,5.161-5.574,8.967-5.574c3.806,0,7.283,2.161,8.967,5.574l10.485,21.244l23.445,3.406   
      c3.767,0.548,6.896,3.187,8.073,6.807s0.195,7.594-2.531,10.251l-16.964,16.535l4.004,23.35c0.644,3.752-0.899,7.543-3.978,9.78   
      c-3.08,2.237-7.162,2.533-10.531,0.762l-20.97-11.024l-20.969,11.024C111.324,344.478,109.727,344.857,108.135,344.857z    
      M133.756,311.387c1.599,0,3.197,0.383,4.653,1.148l7.689,4.043l-1.468-8.562c-0.557-3.244,0.519-6.554,2.876-8.852l6.219-6.062   
      l-8.596-1.249c-3.257-0.474-6.073-2.52-7.529-5.471l-3.844-7.788l-3.844,7.788c-1.457,2.951-4.272,4.997-7.529,5.471l-8.595,1.249   
      l6.219,6.062c2.357,2.298,3.433,5.607,2.876,8.852l-1.468,8.561l7.688-4.042C130.559,311.77,132.157,311.387,133.756,311.387z"
      fill="#444B54"/></g><g><path
      d="M218.487,344.857c-2.073,0-4.137-0.644-5.879-1.91c-3.079-2.237-4.622-6.028-3.978-9.78l4.005-23.35   
      l-16.964-16.535c-2.726-2.657-3.707-6.631-2.531-10.251s4.306-6.259,8.073-6.807l23.444-3.406l10.484-21.244   
      c1.685-3.413,5.161-5.574,8.967-5.574c3.806,0,7.283,2.161,8.967,5.574l10.485,21.244l23.445,3.406   
      c3.767,0.548,6.896,3.187,8.073,6.807s0.195,7.594-2.531,10.251l-16.964,16.535l4.004,23.35c0.644,3.752-0.899,7.543-3.978,9.78   
      c-3.08,2.237-7.162,2.533-10.531,0.762l-20.97-11.024l-20.969,11.024C221.676,344.478,220.079,344.857,218.487,344.857z    
      M244.108,311.387c1.599,0,3.197,0.383,4.653,1.148l7.689,4.043l-1.468-8.562c-0.557-3.244,0.519-6.554,2.876-8.852l6.219-6.062   
      l-8.596-1.249c-3.257-0.474-6.073-2.52-7.529-5.471l-3.844-7.788l-3.844,7.788c-1.457,2.951-4.272,4.997-7.529,5.471l-8.595,1.249   
      l6.219,6.062c2.357,2.298,3.433,5.607,2.876,8.852l-1.468,8.561l7.688-4.042C240.911,311.77,242.509,311.387,244.108,311.387z"
      fill="#444B54"/></g><g><path
      d="M328.838,344.857c-2.073,0-4.137-0.644-5.879-1.91c-3.079-2.237-4.622-6.028-3.978-9.78l4.005-23.35   
      l-16.964-16.535c-2.726-2.657-3.707-6.631-2.531-10.251s4.306-6.259,8.073-6.807l23.444-3.406l10.484-21.244   
      c1.685-3.413,5.161-5.574,8.967-5.574c3.806,0,7.283,2.161,8.967,5.574l10.485,21.244l23.445,3.406   
      c3.767,0.548,6.896,3.187,8.073,6.807s0.195,7.594-2.531,10.251l-16.964,16.535l4.004,23.35c0.644,3.752-0.899,7.543-3.978,9.78   
      c-3.08,2.237-7.162,2.533-10.531,0.762l-20.97-11.024l-20.969,11.024C332.028,344.478,330.43,344.857,328.838,344.857z    
      M354.459,311.387c1.599,0,3.197,0.383,4.653,1.148l7.689,4.043l-1.468-8.562c-0.557-3.244,0.519-6.554,2.876-8.852l6.219-6.062   
      l-8.596-1.249c-3.257-0.474-6.073-2.52-7.529-5.471l-3.844-7.788l-3.844,7.788c-1.457,2.951-4.272,4.997-7.529,5.471l-8.595,1.249   
      l6.219,6.062c2.357,2.298,3.433,5.607,2.876,8.852l-1.468,8.561l7.688-4.042C351.263,311.77,352.861,311.387,354.459,311.387z"
      fill="#444B54"/></g><g><path
      d="M464.298,410.468c0,7.756-6.287,14.043-14.042,14.043H61.745c-7.755,0-14.042-6.287-14.042-14.043V101.531   
      c0-7.755,6.287-14.042,14.042-14.042h388.511c7.755,0,14.042,6.287,14.042,14.042V410.468z"
      fill="#D9DCE1"/><path
      d="M450.255,434.511H61.745c-13.257,0-24.042-10.785-24.042-24.043V101.531   
      c0-13.257,10.785-24.042,24.042-24.042h388.511c13.257,0,24.042,10.785,24.042,24.042v308.937   
      C474.298,423.726,463.513,434.511,450.255,434.511z
      M61.745,97.489c-2.229,0-4.042,1.813-4.042,4.042v308.937   
      c0,2.229,1.813,4.043,4.042,4.043h388.511c2.229,0,4.042-1.813,4.042-4.043V101.531c0-2.229-1.813-4.042-4.042-4.042H61.745z"
      fill="#444B54"/></g><g><path
      d="M464.235,139.546c0,7.756-6.321,14.043-14.118,14.043H63.655c-7.797,0-14.118-6.287-14.118-14.043v-38.015   
      c0-7.755,6.321-14.042,14.118-14.042h386.462c7.797,0,14.118,6.287,14.118,14.042V139.546z"
      fill="#3C74BA"/><path
      d="M450.117,163.589H63.655c-13.298,0-24.118-10.786-24.118-24.043v-38.015   
      c0-13.257,10.819-24.042,24.118-24.042h386.462c13.298,0,24.118,10.785,24.118,24.042v38.015   
      C474.235,152.803,463.416,163.589,450.117,163.589z
      M63.655,97.489c-2.271,0-4.118,1.813-4.118,4.042v38.015   
      c0,2.229,1.847,4.043,4.118,4.043h386.462c2.271,0,4.118-1.813,4.118-4.043v-38.015c0-2.229-1.847-4.042-4.118-4.042H63.655z"
      fill="#444B54"/></g><g><path
      d="M93.73,128.7c-2.63,0-5.21-1.07-7.07-2.931c-1.86-1.87-2.93-4.439-2.93-7.08c0-2.63,1.07-5.199,2.93-7.069   
      c1.86-1.86,4.44-2.931,7.07-2.931c2.63,0,5.21,1.07,7.07,2.931c1.86,1.87,2.93,4.439,2.93,7.069c0,2.641-1.07,5.21-2.93,7.08   
      C98.94,127.63,96.36,128.7,93.73,128.7z" fill="#444B54"/></g><g><path
      d="M142.49,128.7c-2.63,0-5.21-1.07-7.07-2.931c-1.86-1.87-2.93-4.439-2.93-7.08c0-2.63,1.07-5.21,2.93-7.069   
      c1.86-1.86,4.44-2.931,7.07-2.931s5.21,1.07,7.07,2.931c1.86,1.859,2.93,4.439,2.93,7.069c0,2.641-1.07,5.21-2.93,7.08   
      C147.7,127.63,145.12,128.7,142.49,128.7z" fill="#444B54"/></g><g><path
      d="M187.11,130.54c-2.63,0-5.21-1.07-7.07-2.931c-1.87-1.859-2.93-4.439-2.93-7.069s1.06-5.21,2.93-7.07   
      c1.86-1.86,4.43-2.93,7.07-2.93c2.63,0,5.21,1.069,7.07,2.93c1.86,1.86,2.93,4.44,2.93,7.07s-1.07,5.21-2.93,7.069   
      C192.31,129.47,189.74,130.54,187.11,130.54z"
      fill="#444B54"/></g><g><polygon fill="#FFFFFF" points="133.756,256
      146.567,281.958 175.215,286.121 154.486,306.326 159.379,334.857
      133.756,321.387     108.134,334.857 113.027,306.326 92.299,286.121
      120.945,281.958   "/><path
      d="M108.135,344.857c-2.073,0-4.137-0.644-5.879-1.91c-3.079-2.237-4.622-6.028-3.978-9.78l4.005-23.35   
      l-16.964-16.535c-2.726-2.657-3.707-6.631-2.531-10.251s4.306-6.259,8.073-6.807l23.444-3.406l10.484-21.244   
      c1.685-3.413,5.161-5.574,8.967-5.574c3.806,0,7.283,2.161,8.967,5.574l10.485,21.244l23.445,3.406   
      c3.767,0.548,6.896,3.187,8.073,6.807s0.195,7.594-2.531,10.251l-16.964,16.535l4.004,23.35c0.644,3.752-0.899,7.543-3.978,9.78   
      c-3.08,2.237-7.162,2.533-10.531,0.762l-20.97-11.024l-20.969,11.024C111.324,344.478,109.727,344.857,108.135,344.857z    
      M133.756,311.387c1.599,0,3.197,0.383,4.653,1.148l7.689,4.043l-1.468-8.562c-0.557-3.244,0.519-6.554,2.876-8.852l6.219-6.062   
      l-8.596-1.249c-3.257-0.474-6.073-2.52-7.529-5.471l-3.844-7.788l-3.844,7.788c-1.457,2.951-4.272,4.997-7.529,5.471l-8.595,1.249   
      l6.219,6.062c2.357,2.298,3.433,5.607,2.876,8.852l-1.468,8.561l7.688-4.042C130.559,311.77,132.157,311.387,133.756,311.387z"
      fill="#444B54"/></g><g><polygon fill="#FFFFFF" points="244.108,256
      256.919,281.958 285.567,286.121 264.838,306.326 269.731,334.857
      244.108,321.387     218.486,334.857 223.379,306.326 202.651,286.121
      231.297,281.958   "/><path
      d="M218.487,344.857c-2.073,0-4.137-0.644-5.879-1.91c-3.079-2.237-4.622-6.028-3.978-9.78l4.005-23.35   
      l-16.964-16.535c-2.726-2.657-3.707-6.631-2.531-10.251s4.306-6.259,8.073-6.807l23.444-3.406l10.484-21.244   
      c1.685-3.413,5.161-5.574,8.967-5.574c3.806,0,7.283,2.161,8.967,5.574l10.485,21.244l23.445,3.406   
      c3.767,0.548,6.896,3.187,8.073,6.807s0.195,7.594-2.531,10.251l-16.964,16.535l4.004,23.35c0.644,3.752-0.899,7.543-3.978,9.78   
      c-3.08,2.237-7.162,2.533-10.531,0.762l-20.97-11.024l-20.969,11.024C221.676,344.478,220.079,344.857,218.487,344.857z    
      M244.108,311.387c1.599,0,3.197,0.383,4.653,1.148l7.689,4.043l-1.468-8.562c-0.557-3.244,0.519-6.554,2.876-8.852l6.219-6.062   
      l-8.596-1.249c-3.257-0.474-6.073-2.52-7.529-5.471l-3.844-7.788l-3.844,7.788c-1.457,2.951-4.272,4.997-7.529,5.471l-8.595,1.249   
      l6.219,6.062c2.357,2.298,3.433,5.607,2.876,8.852l-1.468,8.561l7.688-4.042C240.911,311.77,242.509,311.387,244.108,311.387z"
      fill="#444B54"/></g><g><polygon fill="#FFFFFF" points="354.459,256
      367.271,281.958 395.918,286.121 375.19,306.326 380.083,334.857
      354.459,321.387     328.837,334.857 333.731,306.326 313.002,286.121
      341.649,281.958   "/><path
      d="M328.838,344.857c-2.073,0-4.137-0.644-5.879-1.91c-3.079-2.237-4.622-6.028-3.978-9.78l4.005-23.35   
      l-16.964-16.535c-2.726-2.657-3.707-6.631-2.531-10.251s4.306-6.259,8.073-6.807l23.444-3.406l10.484-21.244   
      c1.685-3.413,5.161-5.574,8.967-5.574c3.806,0,7.283,2.161,8.967,5.574l10.485,21.244l23.445,3.406   
      c3.767,0.548,6.896,3.187,8.073,6.807s0.195,7.594-2.531,10.251l-16.964,16.535l4.004,23.35c0.644,3.752-0.899,7.543-3.978,9.78   
      c-3.08,2.237-7.162,2.533-10.531,0.762l-20.97-11.024l-20.969,11.024C332.028,344.478,330.43,344.857,328.838,344.857z    
      M354.459,311.387c1.599,0,3.197,0.383,4.653,1.148l7.689,4.043l-1.468-8.562c-0.557-3.244,0.519-6.554,2.876-8.852l6.219-6.062   
      l-8.596-1.249c-3.257-0.474-6.073-2.52-7.529-5.471l-3.844-7.788l-3.844,7.788c-1.457,2.951-4.272,4.997-7.529,5.471l-8.595,1.249   
      l6.219,6.062c2.357,2.298,3.433,5.607,2.876,8.852l-1.468,8.561l7.688-4.042C351.263,311.77,352.861,311.387,354.459,311.387z"
      fill="#444B54"/></g></g></svg>
